// !$*UTF8*$!
{
	archiveVersion = 1;
	classes = {
	};
	objectVersion = 46;
	objects = {

/* Begin PBXBuildFile section */
		23A3620967BB31A0179AD5DC /* Pods_Yelp.framework in Frameworks */ = {isa = PBXBuildFile; fileRef = 5AE958366CE8F3534889B395 /* Pods_Yelp.framework */; };
		E9A2A7BB1E968AA00098198B /* BusinessViewController.swift in Sources */ = {isa = PBXBuildFile; fileRef = E9A2A7BA1E968AA00098198B /* BusinessViewController.swift */; };
		E9A2A7BD1E968ACA0098198B /* Business.swift in Sources */ = {isa = PBXBuildFile; fileRef = E9A2A7BC1E968ACA0098198B /* Business.swift */; };
		E9A2A7BF1E968AF70098198B /* YelpClient.swift in Sources */ = {isa = PBXBuildFile; fileRef = E9A2A7BE1E968AF70098198B /* YelpClient.swift */; };
		E9A2A7C11E969C270098198B /* ApiKey.swift in Sources */ = {isa = PBXBuildFile; fileRef = E9A2A7C01E969C270098198B /* ApiKey.swift */; };
		E9A2A7C31E969C840098198B /* Podfile.lock in Resources */ = {isa = PBXBuildFile; fileRef = E9A2A7C21E969C840098198B /* Podfile.lock */; };
		E9A2BC251E96F11F00A5399F /* YelpCell.swift in Sources */ = {isa = PBXBuildFile; fileRef = E9A2BC241E96F11F00A5399F /* YelpCell.swift */; };
		E9D104A41E96813700F41665 /* AppDelegate.swift in Sources */ = {isa = PBXBuildFile; fileRef = E9D104A31E96813700F41665 /* AppDelegate.swift */; };
		E9D104A91E96813700F41665 /* Main.storyboard in Resources */ = {isa = PBXBuildFile; fileRef = E9D104A71E96813700F41665 /* Main.storyboard */; };
		E9D104AB1E96813700F41665 /* Assets.xcassets in Resources */ = {isa = PBXBuildFile; fileRef = E9D104AA1E96813700F41665 /* Assets.xcassets */; };
		E9D104AE1E96813700F41665 /* LaunchScreen.storyboard in Resources */ = {isa = PBXBuildFile; fileRef = E9D104AC1E96813700F41665 /* LaunchScreen.storyboard */; };
/* End PBXBuildFile section */

/* Begin PBXFileReference section */
		5AE958366CE8F3534889B395 /* Pods_Yelp.framework */ = {isa = PBXFileReference; explicitFileType = wrapper.framework; includeInIndex = 0; path = Pods_Yelp.framework; sourceTree = BUILT_PRODUCTS_DIR; };
		CF0D59F073C578AD6FD40355 /* Pods-Yelp.release.xcconfig */ = {isa = PBXFileReference; includeInIndex = 1; lastKnownFileType = text.xcconfig; name = "Pods-Yelp.release.xcconfig"; path = "Pods/Target Support Files/Pods-Yelp/Pods-Yelp.release.xcconfig"; sourceTree = "<group>"; };
		E7111B4D2B4DA1A3EDE77BC1 /* Pods-Yelp.debug.xcconfig */ = {isa = PBXFileReference; includeInIndex = 1; lastKnownFileType = text.xcconfig; name = "Pods-Yelp.debug.xcconfig"; path = "Pods/Target Support Files/Pods-Yelp/Pods-Yelp.debug.xcconfig"; sourceTree = "<group>"; };
		E9A2A7BA1E968AA00098198B /* BusinessViewController.swift */ = {isa = PBXFileReference; fileEncoding = 4; lastKnownFileType = sourcecode.swift; path = BusinessViewController.swift; sourceTree = "<group>"; };
		E9A2A7BC1E968ACA0098198B /* Business.swift */ = {isa = PBXFileReference; fileEncoding = 4; lastKnownFileType = sourcecode.swift; path = Business.swift; sourceTree = "<group>"; };
		E9A2A7BE1E968AF70098198B /* YelpClient.swift */ = {isa = PBXFileReference; fileEncoding = 4; lastKnownFileType = sourcecode.swift; path = YelpClient.swift; sourceTree = "<group>"; };
		E9A2A7C01E969C270098198B /* ApiKey.swift */ = {isa = PBXFileReference; fileEncoding = 4; lastKnownFileType = sourcecode.swift; path = ApiKey.swift; sourceTree = "<group>"; };
		E9A2A7C21E969C840098198B /* Podfile.lock */ = {isa = PBXFileReference; fileEncoding = 4; lastKnownFileType = text; path = Podfile.lock; sourceTree = "<group>"; };
		E9A2A7C41E969CA20098198B /* README.md */ = {isa = PBXFileReference; lastKnownFileType = net.daringfireball.markdown; path = README.md; sourceTree = "<group>"; };
		E9A2BC241E96F11F00A5399F /* YelpCell.swift */ = {isa = PBXFileReference; fileEncoding = 4; lastKnownFileType = sourcecode.swift; path = YelpCell.swift; sourceTree = "<group>"; };
		E9D104A01E96813700F41665 /* Yelp.app */ = {isa = PBXFileReference; explicitFileType = wrapper.application; includeInIndex = 0; path = Yelp.app; sourceTree = BUILT_PRODUCTS_DIR; };
		E9D104A31E96813700F41665 /* AppDelegate.swift */ = {isa = PBXFileReference; lastKnownFileType = sourcecode.swift; path = AppDelegate.swift; sourceTree = "<group>"; };
		E9D104A81E96813700F41665 /* Base */ = {isa = PBXFileReference; lastKnownFileType = file.storyboard; name = Base; path = Base.lproj/Main.storyboard; sourceTree = "<group>"; };
		E9D104AA1E96813700F41665 /* Assets.xcassets */ = {isa = PBXFileReference; lastKnownFileType = folder.assetcatalog; path = Assets.xcassets; sourceTree = "<group>"; };
		E9D104AD1E96813700F41665 /* Base */ = {isa = PBXFileReference; lastKnownFileType = file.storyboard; name = Base; path = Base.lproj/LaunchScreen.storyboard; sourceTree = "<group>"; };
		E9D104AF1E96813700F41665 /* Info.plist */ = {isa = PBXFileReference; lastKnownFileType = text.plist.xml; path = Info.plist; sourceTree = "<group>"; };
/* End PBXFileReference section */

/* Begin PBXFrameworksBuildPhase section */
		E9D1049D1E96813700F41665 /* Frameworks */ = {
			isa = PBXFrameworksBuildPhase;
			buildActionMask = 2147483647;
			files = (
				23A3620967BB31A0179AD5DC /* Pods_Yelp.framework in Frameworks */,
			);
			runOnlyForDeploymentPostprocessing = 0;
		};
/* End PBXFrameworksBuildPhase section */

/* Begin PBXGroup section */
		2C2D57B75FA8716BC0480D1D /* Pods */ = {
			isa = PBXGroup;
			children = (
				E7111B4D2B4DA1A3EDE77BC1 /* Pods-Yelp.debug.xcconfig */,
				CF0D59F073C578AD6FD40355 /* Pods-Yelp.release.xcconfig */,
			);
			name = Pods;
			sourceTree = "<group>";
		};
		E9D104971E96813700F41665 = {
			isa = PBXGroup;
			children = (
				E9A2A7C21E969C840098198B /* Podfile.lock */,
				E9A2A7C41E969CA20098198B /* README.md */,
				E9D104A21E96813700F41665 /* Yelp */,
				E9D104A11E96813700F41665 /* Products */,
				2C2D57B75FA8716BC0480D1D /* Pods */,
				F95B4FFA9B128B2CCAF6E8A3 /* Frameworks */,
			);
			sourceTree = "<group>";
		};
		E9D104A11E96813700F41665 /* Products */ = {
			isa = PBXGroup;
			children = (
				E9D104A01E96813700F41665 /* Yelp.app */,
			);
			name = Products;
			sourceTree = "<group>";
		};
		E9D104A21E96813700F41665 /* Yelp */ = {
			isa = PBXGroup;
			children = (
				E9D104A31E96813700F41665 /* AppDelegate.swift */,
				E9A2A7BA1E968AA00098198B /* BusinessViewController.swift */,
				E9A2A7BC1E968ACA0098198B /* Business.swift */,
				E9A2BC241E96F11F00A5399F /* YelpCell.swift */,
				E9A2A7BE1E968AF70098198B /* YelpClient.swift */,
				E9A2A7C01E969C270098198B /* ApiKey.swift */,
				E9D104A71E96813700F41665 /* Main.storyboard */,
				E9D104AA1E96813700F41665 /* Assets.xcassets */,
				E9D104AC1E96813700F41665 /* LaunchScreen.storyboard */,
				E9D104AF1E96813700F41665 /* Info.plist */,
			);
			path = Yelp;
			sourceTree = "<group>";
		};
		F95B4FFA9B128B2CCAF6E8A3 /* Frameworks */ = {
			isa = PBXGroup;
			children = (
				5AE958366CE8F3534889B395 /* Pods_Yelp.framework */,
			);
			name = Frameworks;
			sourceTree = "<group>";
		};
/* End PBXGroup section */

/* Begin PBXNativeTarget section */
		E9D1049F1E96813700F41665 /* Yelp */ = {
			isa = PBXNativeTarget;
			buildConfigurationList = E9D104B21E96813700F41665 /* Build configuration list for PBXNativeTarget "Yelp" */;
			buildPhases = (
				4639D47D1D6F0747CBB39B3B /* [CP] Check Pods Manifest.lock */,
				E9D1049C1E96813700F41665 /* Sources */,
				E9D1049D1E96813700F41665 /* Frameworks */,
				E9D1049E1E96813700F41665 /* Resources */,
				D100180ED4F3B12871A688F0 /* [CP] Embed Pods Frameworks */,
				820E7D053455F4C4456B1BEF /* [CP] Copy Pods Resources */,
			);
			buildRules = (
			);
			dependencies = (
			);
			name = Yelp;
			productName = Yelp;
			productReference = E9D104A01E96813700F41665 /* Yelp.app */;
			productType = "com.apple.product-type.application";
		};
/* End PBXNativeTarget section */

/* Begin PBXProject section */
		E9D104981E96813700F41665 /* Project object */ = {
			isa = PBXProject;
			attributes = {
				LastSwiftUpdateCheck = 0830;
				LastUpgradeCheck = 0830;
				ORGANIZATIONNAME = "DevFountain LLC";
				TargetAttributes = {
					E9D1049F1E96813700F41665 = {
						CreatedOnToolsVersion = 8.3;
						ProvisioningStyle = Automatic;
					};
				};
			};
			buildConfigurationList = E9D1049B1E96813700F41665 /* Build configuration list for PBXProject "Yelp" */;
			compatibilityVersion = "Xcode 3.2";
			developmentRegion = English;
			hasScannedForEncodings = 0;
			knownRegions = (
				en,
				Base,
			);
			mainGroup = E9D104971E96813700F41665;
			productRefGroup = E9D104A11E96813700F41665 /* Products */;
			projectDirPath = "";
			projectRoot = "";
			targets = (
				E9D1049F1E96813700F41665 /* Yelp */,
			);
		};
/* End PBXProject section */

/* Begin PBXResourcesBuildPhase section */
		E9D1049E1E96813700F41665 /* Resources */ = {
			isa = PBXResourcesBuildPhase;
			buildActionMask = 2147483647;
			files = (
				E9D104AE1E96813700F41665 /* LaunchScreen.storyboard in Resources */,
				E9D104AB1E96813700F41665 /* Assets.xcassets in Resources */,
				E9A2A7C31E969C840098198B /* Podfile.lock in Resources */,
				E9D104A91E96813700F41665 /* Main.storyboard in Resources */,
			);
			runOnlyForDeploymentPostprocessing = 0;
		};
/* End PBXResourcesBuildPhase section */

/* Begin PBXShellScriptBuildPhase section */
		4639D47D1D6F0747CBB39B3B /* [CP] Check Pods Manifest.lock */ = {
			isa = PBXShellScriptBuildPhase;
			buildActionMask = 2147483647;
			files = (
			);
			inputPaths = (
			);
			name = "[CP] Check Pods Manifest.lock";
			outputPaths = (
			);
			runOnlyForDeploymentPostprocessing = 0;
			shellPath = /bin/sh;
			shellScript = "diff \"${PODS_ROOT}/../Podfile.lock\" \"${PODS_ROOT}/Manifest.lock\" > /dev/null\nif [ $? != 0 ] ; then\n    # print error to STDERR\n    echo \"error: The sandbox is not in sync with the Podfile.lock. Run 'pod install' or update your CocoaPods installation.\" >&2\n    exit 1\nfi\n";
			showEnvVarsInLog = 0;
		};
		820E7D053455F4C4456B1BEF /* [CP] Copy Pods Resources */ = {
			isa = PBXShellScriptBuildPhase;
			buildActionMask = 2147483647;
			files = (
			);
			inputPaths = (
			);
			name = "[CP] Copy Pods Resources";
			outputPaths = (
			);
			runOnlyForDeploymentPostprocessing = 0;
			shellPath = /bin/sh;
			shellScript = "\"${SRCROOT}/Pods/Target Support Files/Pods-Yelp/Pods-Yelp-resources.sh\"\n";
			showEnvVarsInLog = 0;
		};
		D100180ED4F3B12871A688F0 /* [CP] Embed Pods Frameworks */ = {
			isa = PBXShellScriptBuildPhase;
			buildActionMask = 2147483647;
			files = (
			);
			inputPaths = (
			);
			name = "[CP] Embed Pods Frameworks";
			outputPaths = (
			);
			runOnlyForDeploymentPostprocessing = 0;
			shellPath = /bin/sh;
			shellScript = "\"${SRCROOT}/Pods/Target Support Files/Pods-Yelp/Pods-Yelp-frameworks.sh\"\n";
			showEnvVarsInLog = 0;
		};
/* End PBXShellScriptBuildPhase section */

/* Begin PBXSourcesBuildPhase section */
		E9D1049C1E96813700F41665 /* Sources */ = {
			isa = PBXSourcesBuildPhase;
			buildActionMask = 2147483647;
			files = (
				E9A2A7C11E969C270098198B /* ApiKey.swift in Sources */,
				E9A2A7BF1E968AF70098198B /* YelpClient.swift in Sources */,
				E9A2A7BD1E968ACA0098198B /* Business.swift in Sources */,
				E9A2A7BB1E968AA00098198B /* BusinessViewController.swift in Sources */,
				E9D104A41E96813700F41665 /* AppDelegate.swift in Sources */,
				E9A2BC251E96F11F00A5399F /* YelpCell.swift in Sources */,
			);
			runOnlyForDeploymentPostprocessing = 0;
		};
/* End PBXSourcesBuildPhase section */

/* Begin PBXVariantGroup section */
		E9D104A71E96813700F41665 /* Main.storyboard */ = {
			isa = PBXVariantGroup;
			children = (
				E9D104A81E96813700F41665 /* Base */,
			);
			name = Main.storyboard;
			sourceTree = "<group>";
		};
		E9D104AC1E96813700F41665 /* LaunchScreen.storyboard */ = {
			isa = PBXVariantGroup;
			children = (
				E9D104AD1E96813700F41665 /* Base */,
			);
			name = LaunchScreen.storyboard;
			sourceTree = "<group>";
		};
/* End PBXVariantGroup section */

/* Begin XCBuildConfiguration section */
		E9D104B01E96813700F41665 /* Debug */ = {
			isa = XCBuildConfiguration;
			buildSettings = {
				ALWAYS_SEARCH_USER_PATHS = NO;
				CLANG_ANALYZER_NONNULL = YES;
				CLANG_ANALYZER_NUMBER_OBJECT_CONVERSION = YES_AGGRESSIVE;
				CLANG_CXX_LANGUAGE_STANDARD = "gnu++0x";
				CLANG_CXX_LIBRARY = "libc++";
				CLANG_ENABLE_MODULES = YES;
				CLANG_ENABLE_OBJC_ARC = YES;
				CLANG_WARN_BOOL_CONVERSION = YES;
				CLANG_WARN_CONSTANT_CONVERSION = YES;
				CLANG_WARN_DIRECT_OBJC_ISA_USAGE = YES_ERROR;
				CLANG_WARN_DOCUMENTATION_COMMENTS = YES;
				CLANG_WARN_EMPTY_BODY = YES;
				CLANG_WARN_ENUM_CONVERSION = YES;
				CLANG_WARN_INFINITE_RECURSION = YES;
				CLANG_WARN_INT_CONVERSION = YES;
				CLANG_WARN_OBJC_ROOT_CLASS = YES_ERROR;
				CLANG_WARN_SUSPICIOUS_MOVE = YES;
				CLANG_WARN_UNREACHABLE_CODE = YES;
				CLANG_WARN__DUPLICATE_METHOD_MATCH = YES;
				"CODE_SIGN_IDENTITY[sdk=iphoneos*]" = "iPhone Developer";
				COPY_PHASE_STRIP = NO;
				DEBUG_INFORMATION_FORMAT = dwarf;
				ENABLE_STRICT_OBJC_MSGSEND = YES;
				ENABLE_TESTABILITY = YES;
				GCC_C_LANGUAGE_STANDARD = gnu99;
				GCC_DYNAMIC_NO_PIC = NO;
				GCC_NO_COMMON_BLOCKS = YES;
				GCC_OPTIMIZATION_LEVEL = 0;
				GCC_PREPROCESSOR_DEFINITIONS = (
					"DEBUG=1",
					"$(inherited)",
				);
				GCC_WARN_64_TO_32_BIT_CONVERSION = YES;
				GCC_WARN_ABOUT_RETURN_TYPE = YES_ERROR;
				GCC_WARN_UNDECLARED_SELECTOR = YES;
				GCC_WARN_UNINITIALIZED_AUTOS = YES_AGGRESSIVE;
				GCC_WARN_UNUSED_FUNCTION = YES;
				GCC_WARN_UNUSED_VARIABLE = YES;
				IPHONEOS_DEPLOYMENT_TARGET = 10.3;
				MTL_ENABLE_DEBUG_INFO = YES;
				ONLY_ACTIVE_ARCH = YES;
				SDKROOT = iphoneos;
				SWIFT_ACTIVE_COMPILATION_CONDITIONS = DEBUG;
				SWIFT_OPTIMIZATION_LEVEL = "-Onone";
			};
			name = Debug;
		};
		E9D104B11E96813700F41665 /* Release */ = {
			isa = XCBuildConfiguration;
			buildSettings = {
				ALWAYS_SEARCH_USER_PATHS = NO;
				CLANG_ANALYZER_NONNULL = YES;
				CLANG_ANALYZER_NUMBER_OBJECT_CONVERSION = YES_AGGRESSIVE;
				CLANG_CXX_LANGUAGE_STANDARD = "gnu++0x";
				CLANG_CXX_LIBRARY = "libc++";
				CLANG_ENABLE_MODULES = YES;
				CLANG_ENABLE_OBJC_ARC = YES;
				CLANG_WARN_BOOL_CONVERSION = YES;
				CLANG_WARN_CONSTANT_CONVERSION = YES;
				CLANG_WARN_DIRECT_OBJC_ISA_USAGE = YES_ERROR;
				CLANG_WARN_DOCUMENTATION_COMMENTS = YES;
				CLANG_WARN_EMPTY_BODY = YES;
				CLANG_WARN_ENUM_CONVERSION = YES;
				CLANG_WARN_INFINITE_RECURSION = YES;
				CLANG_WARN_INT_CONVERSION = YES;
				CLANG_WARN_OBJC_ROOT_CLASS = YES_ERROR;
				CLANG_WARN_SUSPICIOUS_MOVE = YES;
				CLANG_WARN_UNREACHABLE_CODE = YES;
				CLANG_WARN__DUPLICATE_METHOD_MATCH = YES;
				"CODE_SIGN_IDENTITY[sdk=iphoneos*]" = "iPhone Developer";
				COPY_PHASE_STRIP = NO;
				DEBUG_INFORMATION_FORMAT = "dwarf-with-dsym";
				ENABLE_NS_ASSERTIONS = NO;
				ENABLE_STRICT_OBJC_MSGSEND = YES;
				GCC_C_LANGUAGE_STANDARD = gnu99;
				GCC_NO_COMMON_BLOCKS = YES;
				GCC_WARN_64_TO_32_BIT_CONVERSION = YES;
				GCC_WARN_ABOUT_RETURN_TYPE = YES_ERROR;
				GCC_WARN_UNDECLARED_SELECTOR = YES;
				GCC_WARN_UNINITIALIZED_AUTOS = YES_AGGRESSIVE;
				GCC_WARN_UNUSED_FUNCTION = YES;
				GCC_WARN_UNUSED_VARIABLE = YES;
				IPHONEOS_DEPLOYMENT_TARGET = 10.3;
				MTL_ENABLE_DEBUG_INFO = NO;
				SDKROOT = iphoneos;
				SWIFT_OPTIMIZATION_LEVEL = "-Owholemodule";
				VALIDATE_PRODUCT = YES;
			};
			name = Release;
		};
		E9D104B31E96813700F41665 /* Debug */ = {
			isa = XCBuildConfiguration;
			baseConfigurationReference = E7111B4D2B4DA1A3EDE77BC1 /* Pods-Yelp.debug.xcconfig */;
			buildSettings = {
				ASSETCATALOG_COMPILER_APPICON_NAME = AppIcon;
				INFOPLIST_FILE = Yelp/Info.plist;
				LD_RUNPATH_SEARCH_PATHS = "$(inherited) @executable_path/Frameworks";
				PRODUCT_BUNDLE_IDENTIFIER = com.devfountain.Yelp;
				PRODUCT_NAME = "$(TARGET_NAME)";
				SWIFT_VERSION = 3.0;
			};
			name = Debug;
		};
		E9D104B41E96813700F41665 /* Release */ = {
			isa = XCBuildConfiguration;
			baseConfigurationReference = CF0D59F073C578AD6FD40355 /* Pods-Yelp.release.xcconfig */;
			buildSettings = {
				ASSETCATALOG_COMPILER_APPICON_NAME = AppIcon;
				INFOPLIST_FILE = Yelp/Info.plist;
				LD_RUNPATH_SEARCH_PATHS = "$(inherited) @executable_path/Frameworks";
				PRODUCT_BUNDLE_IDENTIFIER = com.devfountain.Yelp;
				PRODUCT_NAME = "$(TARGET_NAME)";
				SWIFT_VERSION = 3.0;
			};
			name = Release;
		};
/* End XCBuildConfiguration section */

/* Begin XCConfigurationList section */
		E9D1049B1E96813700F41665 /* Build configuration list for PBXProject "Yelp" */ = {
			isa = XCConfigurationList;
			buildConfigurations = (
				E9D104B01E96813700F41665 /* Debug */,
				E9D104B11E96813700F41665 /* Release */,
			);
			defaultConfigurationIsVisible = 0;
			defaultConfigurationName = Release;
		};
		E9D104B21E96813700F41665 /* Build configuration list for PBXNativeTarget "Yelp" */ = {
			isa = XCConfigurationList;
			buildConfigurations = (
				E9D104B31E96813700F41665 /* Debug */,
				E9D104B41E96813700F41665 /* Release */,
			);
			defaultConfigurationIsVisible = 0;
			defaultConfigurationName = Release;
		};
/* End XCConfigurationList section */
	};
	rootObject = E9D104981E96813700F41665 /* Project object */;
}
